{
  "object": {
    "pins": [
      {
        "package": "COpenSSL",
        "repositoryURL": "https://github.com/PerfectlySoft/Perfect-COpenSSL.git",
        "state": {
          "branch": null,
          "revision": "6a2aafd5e233051deeaba27bdfe8c12d9fa88886",
          "version": "3.1.3"
        }
      },
      {
        "package": "CommonCrypto",
        "repositoryURL": "https://github.com/kylef-archive/CommonCrypto.git",
        "state": {
          "branch": null,
          "revision": "8080a04cab22f73276c81c92a6af2c39e15be094",
          "version": "1.0.0"
        }
      },
      {
        "package": "Configuration",
        "repositoryURL": "https://github.com/IBM-Swift/Configuration.git",
        "state": {
          "branch": null,
          "revision": "a5e3ce4619089069697bbef5abfe3687f6830b9d",
          "version": "3.0.1"
        }
      },
      {
        "package": "Dip",
        "repositoryURL": "https://github.com/AliSoftware/Dip",
        "state": {
          "branch": null,
          "revision": "5b9cc501908339617000d419e395ff7afb11f998",
          "version": "6.0.0"
        }
      },
      {
        "package": "Dobby",
        "repositoryURL": "https://github.com/mczachurski/Dobby",
        "state": {
          "branch": null,
          "revision": "d2bc24b9a07310535c34eb133de8fe845f6d53a3",
          "version": "0.7.1"
        }
      },
      {
        "package": "FileKit",
        "repositoryURL": "https://github.com/IBM-Swift/FileKit.git",
        "state": {
          "branch": null,
          "revision": "319016dbf4b3ce04589265c23c9cac0016fe8096",
          "version": "0.0.1"
        }
      },
      {
        "package": "JWT",
        "repositoryURL": "https://github.com/kylef/JSONWebToken.swift.git",
        "state": {
          "branch": null,
          "revision": "e5745f95a3e60d9ccee4900764ec79b4239c4ef9",
          "version": "2.2.0"
        }
      },
      {
        "package": "LoggerAPI",
        "repositoryURL": "https://github.com/IBM-Swift/LoggerAPI.git",
        "state": {
          "branch": null,
          "revision": "6b62fe66da9b8794d6581e5c341710eea3173cd4",
          "version": "1.7.1"
        }
      },
      {
        "package": "PerfectCRUD",
        "repositoryURL": "https://github.com/PerfectlySoft/Perfect-CRUD.git",
        "state": {
          "branch": "master",
          "revision": "74272e8d6150ed8d0f06be6be851589e1bc05098",
          "version": null
        }
      },
      {
        "package": "PerfectCSQLite3",
        "repositoryURL": "https://github.com/PerfectlySoft/Perfect-sqlite3-support.git",
        "state": {
          "branch": null,
          "revision": "fb806c0fd0fcbf27ababa9c03a00e32c2c46464c",
          "version": "3.0.0"
        }
      },
      {
        "package": "PerfectCZlib",
        "repositoryURL": "https://github.com/PerfectlySoft/Perfect-CZlib-src.git",
        "state": {
          "branch": null,
          "revision": "b63e46909aad937c6434766f8f8c6720d8f3bd05",
          "version": "0.0.4"
        }
      },
      {
        "package": "PerfectCrypto",
        "repositoryURL": "https://github.com/PerfectlySoft/Perfect-Crypto.git",
        "state": {
          "branch": null,
          "revision": "ed9fb3b6cbfd189a64fa61d830643cc613d5ba61",
          "version": "3.0.6"
        }
      },
      {
        "package": "PerfectHTTP",
        "repositoryURL": "https://github.com/PerfectlySoft/Perfect-HTTP.git",
        "state": {
          "branch": null,
          "revision": "de33aeb1730ff73da833e0c2b6eabf4c5cbae396",
          "version": "3.0.7"
        }
      },
      {
        "package": "PerfectHTTPServer",
        "repositoryURL": "https://github.com/PerfectlySoft/Perfect-HTTPServer.git",
        "state": {
          "branch": null,
          "revision": "e0ef564ff223e8f6826b6b465ee0d4c7559da727",
          "version": "3.0.6"
        }
      },
      {
        "package": "PerfectLib",
        "repositoryURL": "https://github.com/PerfectlySoft/PerfectLib.git",
        "state": {
          "branch": null,
          "revision": "0ab139ad6001ad4c3bb1b9714f11168a74af8e79",
          "version": "3.0.3"
        }
      },
      {
        "package": "PerfectNet",
        "repositoryURL": "https://github.com/PerfectlySoft/Perfect-Net.git",
        "state": {
          "branch": null,
          "revision": "5e137023e0373b3bdd46a5c80c3ec868fd1c383d",
          "version": "3.0.0"
        }
      },
      {
        "package": "PerfectSQLite",
        "repositoryURL": "https://github.com/kjessup/Perfect-SQLite.git",
        "state": {
          "branch": "master",
          "revision": "6b4d6e55e2016d2bf093cb49a4ead5c46f0a5422",
          "version": null
        }
      },
      {
        "package": "PerfectThread",
        "repositoryURL": "https://github.com/PerfectlySoft/Perfect-Thread.git",
        "state": {
          "branch": null,
          "revision": "1846390a47bfe0c5263bb70ba318b2bbe751ac95",
          "version": "3.0.2"
        }
      }
    ]
  },
  "version": 1
}
